// !$*UTF8*$!
{
	archiveVersion = 1;
	classes = {
	};
	objectVersion = 56;
	objects = {

/* Begin PBXBuildFile section */
		049CCE1B2C771AAF001AA1C8 /* ExpenseTrackerAppApp.swift in Sources */ = {isa = PBXBuildFile; fileRef = 049CCE1A2C771AAF001AA1C8 /* ExpenseTrackerAppApp.swift */; };
		049CCE1F2C771AB4001AA1C8 /* Assets.xcassets in Resources */ = {isa = PBXBuildFile; fileRef = 049CCE1E2C771AB4001AA1C8 /* Assets.xcassets */; };
		049CCE222C771AB4001AA1C8 /* Preview Assets.xcassets in Resources */ = {isa = PBXBuildFile; fileRef = 049CCE212C771AB4001AA1C8 /* Preview Assets.xcassets */; };
		049CCE2C2C771B71001AA1C8 /* ExpenseTracker.swift in Sources */ = {isa = PBXBuildFile; fileRef = 049CCE2B2C771B71001AA1C8 /* ExpenseTracker.swift */; };
		049CCE2E2C771F84001AA1C8 /* HomeView.swift in Sources */ = {isa = PBXBuildFile; fileRef = 049CCE2D2C771F83001AA1C8 /* HomeView.swift */; };
		049CCE312C772003001AA1C8 /* CircularPlusButton.swift in Sources */ = {isa = PBXBuildFile; fileRef = 049CCE302C772003001AA1C8 /* CircularPlusButton.swift */; };
		049CCE332C772029001AA1C8 /* CategoryView.swift in Sources */ = {isa = PBXBuildFile; fileRef = 049CCE322C772029001AA1C8 /* CategoryView.swift */; };
		049CCE352C772B0E001AA1C8 /* AddExpenseView.swift in Sources */ = {isa = PBXBuildFile; fileRef = 049CCE342C772B0E001AA1C8 /* AddExpenseView.swift */; };
		049CCE372C772BE2001AA1C8 /* ExpenseCardView.swift in Sources */ = {isa = PBXBuildFile; fileRef = 049CCE362C772BE2001AA1C8 /* ExpenseCardView.swift */; };
		049CCE392C773DE2001AA1C8 /* AddCategoryView.swift in Sources */ = {isa = PBXBuildFile; fileRef = 049CCE382C773DE2001AA1C8 /* AddCategoryView.swift */; };
		049CCE3D2C774938001AA1C8 /* ExpenseTrackerModel.swift in Sources */ = {isa = PBXBuildFile; fileRef = 049CCE3C2C774938001AA1C8 /* ExpenseTrackerModel.swift */; };
		049CCE3F2C7749E9001AA1C8 /* ExpenseTrackerViewModel.swift in Sources */ = {isa = PBXBuildFile; fileRef = 049CCE3E2C7749E9001AA1C8 /* ExpenseTrackerViewModel.swift */; };
		049CCE412C774ECE001AA1C8 /* NoExpensesView.swift in Sources */ = {isa = PBXBuildFile; fileRef = 049CCE402C774ECE001AA1C8 /* NoExpensesView.swift */; };
		049CCE432C777654001AA1C8 /* ExpenseFilter.swift in Sources */ = {isa = PBXBuildFile; fileRef = 049CCE422C777654001AA1C8 /* ExpenseFilter.swift */; };
		049CCE452C7777B3001AA1C8 /* FilterOptions.swift in Sources */ = {isa = PBXBuildFile; fileRef = 049CCE442C7777B3001AA1C8 /* FilterOptions.swift */; };
		049CCE472C7879D1001AA1C8 /* ExpenseInformationView.swift in Sources */ = {isa = PBXBuildFile; fileRef = 049CCE462C7879D1001AA1C8 /* ExpenseInformationView.swift */; };
		049CCE4B2C78C6F3001AA1C8 /* UploadButton.swift in Sources */ = {isa = PBXBuildFile; fileRef = 049CCE4A2C78C6F3001AA1C8 /* UploadButton.swift */; };
		049CCE4D2C78D302001AA1C8 /* ImagePicker.swift in Sources */ = {isa = PBXBuildFile; fileRef = 049CCE4C2C78D302001AA1C8 /* ImagePicker.swift */; };
		049CCE592C7C8EA8001AA1C8 /* ExpenseListView.swift in Sources */ = {isa = PBXBuildFile; fileRef = 049CCE582C7C8EA8001AA1C8 /* ExpenseListView.swift */; };
/* End PBXBuildFile section */

/* Begin PBXFileReference section */
		049CCE172C771AAF001AA1C8 /* ExpenseTrackerApp.app */ = {isa = PBXFileReference; explicitFileType = wrapper.application; includeInIndex = 0; path = ExpenseTrackerApp.app; sourceTree = BUILT_PRODUCTS_DIR; };
		049CCE1A2C771AAF001AA1C8 /* ExpenseTrackerAppApp.swift */ = {isa = PBXFileReference; lastKnownFileType = sourcecode.swift; path = ExpenseTrackerAppApp.swift; sourceTree = "<group>"; };
		049CCE1E2C771AB4001AA1C8 /* Assets.xcassets */ = {isa = PBXFileReference; lastKnownFileType = folder.assetcatalog; path = Assets.xcassets; sourceTree = "<group>"; };
		049CCE212C771AB4001AA1C8 /* Preview Assets.xcassets */ = {isa = PBXFileReference; lastKnownFileType = folder.assetcatalog; path = "Preview Assets.xcassets"; sourceTree = "<group>"; };
		049CCE2B2C771B71001AA1C8 /* ExpenseTracker.swift */ = {isa = PBXFileReference; lastKnownFileType = sourcecode.swift; path = ExpenseTracker.swift; sourceTree = "<group>"; };
		049CCE2D2C771F83001AA1C8 /* HomeView.swift */ = {isa = PBXFileReference; lastKnownFileType = sourcecode.swift; path = HomeView.swift; sourceTree = "<group>"; };
		049CCE302C772003001AA1C8 /* CircularPlusButton.swift */ = {isa = PBXFileReference; lastKnownFileType = sourcecode.swift; path = CircularPlusButton.swift; sourceTree = "<group>"; };
		049CCE322C772029001AA1C8 /* CategoryView.swift */ = {isa = PBXFileReference; lastKnownFileType = sourcecode.swift; path = CategoryView.swift; sourceTree = "<group>"; };
		049CCE342C772B0E001AA1C8 /* AddExpenseView.swift */ = {isa = PBXFileReference; lastKnownFileType = sourcecode.swift; path = AddExpenseView.swift; sourceTree = "<group>"; };
		049CCE362C772BE2001AA1C8 /* ExpenseCardView.swift */ = {isa = PBXFileReference; lastKnownFileType = sourcecode.swift; path = ExpenseCardView.swift; sourceTree = "<group>"; };
		049CCE382C773DE2001AA1C8 /* AddCategoryView.swift */ = {isa = PBXFileReference; lastKnownFileType = sourcecode.swift; path = AddCategoryView.swift; sourceTree = "<group>"; };
		049CCE3C2C774938001AA1C8 /* ExpenseTrackerModel.swift */ = {isa = PBXFileReference; lastKnownFileType = sourcecode.swift; path = ExpenseTrackerModel.swift; sourceTree = "<group>"; };
		049CCE3E2C7749E9001AA1C8 /* ExpenseTrackerViewModel.swift */ = {isa = PBXFileReference; lastKnownFileType = sourcecode.swift; path = ExpenseTrackerViewModel.swift; sourceTree = "<group>"; };
		049CCE402C774ECE001AA1C8 /* NoExpensesView.swift */ = {isa = PBXFileReference; lastKnownFileType = sourcecode.swift; path = NoExpensesView.swift; sourceTree = "<group>"; };
		049CCE422C777654001AA1C8 /* ExpenseFilter.swift */ = {isa = PBXFileReference; lastKnownFileType = sourcecode.swift; path = ExpenseFilter.swift; sourceTree = "<group>"; };
		049CCE442C7777B3001AA1C8 /* FilterOptions.swift */ = {isa = PBXFileReference; lastKnownFileType = sourcecode.swift; path = FilterOptions.swift; sourceTree = "<group>"; };
		049CCE462C7879D1001AA1C8 /* ExpenseInformationView.swift */ = {isa = PBXFileReference; lastKnownFileType = sourcecode.swift; path = ExpenseInformationView.swift; sourceTree = "<group>"; };
		049CCE4A2C78C6F3001AA1C8 /* UploadButton.swift */ = {isa = PBXFileReference; lastKnownFileType = sourcecode.swift; path = UploadButton.swift; sourceTree = "<group>"; };
		049CCE4C2C78D302001AA1C8 /* ImagePicker.swift */ = {isa = PBXFileReference; lastKnownFileType = sourcecode.swift; path = ImagePicker.swift; sourceTree = "<group>"; };
		049CCE582C7C8EA8001AA1C8 /* ExpenseListView.swift */ = {isa = PBXFileReference; lastKnownFileType = sourcecode.swift; path = ExpenseListView.swift; sourceTree = "<group>"; };
/* End PBXFileReference section */

/* Begin PBXFrameworksBuildPhase section */
		049CCE142C771AAF001AA1C8 /* Frameworks */ = {
			isa = PBXFrameworksBuildPhase;
			buildActionMask = 2147483647;
			files = (
			);
			runOnlyForDeploymentPostprocessing = 0;
		};
/* End PBXFrameworksBuildPhase section */

/* Begin PBXGroup section */
		049CCE0E2C771AAF001AA1C8 = {
			isa = PBXGroup;
			children = (
				049CCE192C771AAF001AA1C8 /* ExpenseTrackerApp */,
				049CCE182C771AAF001AA1C8 /* Products */,
			);
			sourceTree = "<group>";
		};
		049CCE182C771AAF001AA1C8 /* Products */ = {
			isa = PBXGroup;
			children = (
				049CCE172C771AAF001AA1C8 /* ExpenseTrackerApp.app */,
			);
			name = Products;
			sourceTree = "<group>";
		};
		049CCE192C771AAF001AA1C8 /* ExpenseTrackerApp */ = {
			isa = PBXGroup;
			children = (
				049CCE5A2C7C90BC001AA1C8 /* Modules */,
				049CCE1A2C771AAF001AA1C8 /* ExpenseTrackerAppApp.swift */,
				049CCE572C7C8DAA001AA1C8 /* HelperViews */,
				049CCE4E2C7C8CD9001AA1C8 /* ViewComponents */,
				049CCE2F2C771FE3001AA1C8 /* Utilities */,
				049CCE1E2C771AB4001AA1C8 /* Assets.xcassets */,
				049CCE202C771AB4001AA1C8 /* Preview Content */,
			);
			path = ExpenseTrackerApp;
			sourceTree = "<group>";
		};
		049CCE202C771AB4001AA1C8 /* Preview Content */ = {
			isa = PBXGroup;
			children = (
				049CCE212C771AB4001AA1C8 /* Preview Assets.xcassets */,
			);
			path = "Preview Content";
			sourceTree = "<group>";
		};
		049CCE292C771B24001AA1C8 /* Views */ = {
			isa = PBXGroup;
			children = (
				049CCE502C7C8D2E001AA1C8 /* Expense */,
				049CCE542C7C8D76001AA1C8 /* HomeView */,
			);
			path = Views;
			sourceTree = "<group>";
		};
		049CCE2A2C771B36001AA1C8 /* ViewModels */ = {
			isa = PBXGroup;
			children = (
				049CCE3E2C7749E9001AA1C8 /* ExpenseTrackerViewModel.swift */,
			);
			path = ViewModels;
			sourceTree = "<group>";
		};
		049CCE2F2C771FE3001AA1C8 /* Utilities */ = {
			isa = PBXGroup;
			children = (
			);
			path = Utilities;
			sourceTree = "<group>";
		};
		049CCE4E2C7C8CD9001AA1C8 /* ViewComponents */ = {
			isa = PBXGroup;
			children = (
				049CCE302C772003001AA1C8 /* CircularPlusButton.swift */,
				049CCE4A2C78C6F3001AA1C8 /* UploadButton.swift */,
			);
			path = ViewComponents;
			sourceTree = "<group>";
		};
		049CCE4F2C7C8D0A001AA1C8 /* ManageExpense */ = {
			isa = PBXGroup;
			children = (
				049CCE362C772BE2001AA1C8 /* ExpenseCardView.swift */,
				049CCE462C7879D1001AA1C8 /* ExpenseInformationView.swift */,
				049CCE382C773DE2001AA1C8 /* AddCategoryView.swift */,
				049CCE342C772B0E001AA1C8 /* AddExpenseView.swift */,
			);
			path = ManageExpense;
			sourceTree = "<group>";
		};
		049CCE502C7C8D2E001AA1C8 /* Expense */ = {
			isa = PBXGroup;
			children = (
				049CCE512C7C8D38001AA1C8 /* CommonExpenseView */,
				049CCE4F2C7C8D0A001AA1C8 /* ManageExpense */,
			);
			path = Expense;
			sourceTree = "<group>";
		};
		049CCE512C7C8D38001AA1C8 /* CommonExpenseView */ = {
			isa = PBXGroup;
			children = (
				049CCE2B2C771B71001AA1C8 /* ExpenseTracker.swift */,
				049CCE422C777654001AA1C8 /* ExpenseFilter.swift */,
				049CCE402C774ECE001AA1C8 /* NoExpensesView.swift */,
				049CCE582C7C8EA8001AA1C8 /* ExpenseListView.swift */,
			);
			path = CommonExpenseView;
			sourceTree = "<group>";
		};
		049CCE522C7C8D58001AA1C8 /* Category */ = {
			isa = PBXGroup;
			children = (
				049CCE322C772029001AA1C8 /* CategoryView.swift */,
			);
			path = Category;
			sourceTree = "<group>";
		};
		049CCE542C7C8D76001AA1C8 /* HomeView */ = {
			isa = PBXGroup;
			children = (
				049CCE2D2C771F83001AA1C8 /* HomeView.swift */,
			);
			path = HomeView;
			sourceTree = "<group>";
		};
		049CCE552C7C8D8B001AA1C8 /* Home */ = {
			isa = PBXGroup;
			children = (
				049CCE3C2C774938001AA1C8 /* ExpenseTrackerModel.swift */,
				049CCE442C7777B3001AA1C8 /* FilterOptions.swift */,
			);
			path = Home;
			sourceTree = "<group>";
		};
		049CCE562C7C8D9C001AA1C8 /* PickerView */ = {
			isa = PBXGroup;
			children = (
				049CCE4C2C78D302001AA1C8 /* ImagePicker.swift */,
			);
			path = PickerView;
			sourceTree = "<group>";
		};
		049CCE572C7C8DAA001AA1C8 /* HelperViews */ = {
			isa = PBXGroup;
			children = (
				049CCE562C7C8D9C001AA1C8 /* PickerView */,
			);
			path = HelperViews;
			sourceTree = "<group>";
		};
		049CCE5A2C7C90BC001AA1C8 /* Modules */ = {
			isa = PBXGroup;
			children = (
				049CCE5C2C7C90D7001AA1C8 /* Category */,
				049CCE5B2C7C90C6001AA1C8 /* Home */,
			);
			path = Modules;
			sourceTree = "<group>";
		};
		049CCE5B2C7C90C6001AA1C8 /* Home */ = {
			isa = PBXGroup;
			children = (
				049CCE2A2C771B36001AA1C8 /* ViewModels */,
				049CCE5F2C7C9101001AA1C8 /* Models */,
				049CCE292C771B24001AA1C8 /* Views */,
			);
			path = Home;
			sourceTree = "<group>";
		};
		049CCE5C2C7C90D7001AA1C8 /* Category */ = {
			isa = PBXGroup;
			children = (
				049CCE612C7C9121001AA1C8 /* ViewModels */,
				049CCE5E2C7C90EE001AA1C8 /* Models */,
				049CCE5D2C7C90E0001AA1C8 /* Views */,
			);
			path = Category;
			sourceTree = "<group>";
		};
		049CCE5D2C7C90E0001AA1C8 /* Views */ = {
			isa = PBXGroup;
			children = (
				049CCE522C7C8D58001AA1C8 /* Category */,
			);
			path = Views;
			sourceTree = "<group>";
		};
		049CCE5E2C7C90EE001AA1C8 /* Models */ = {
			isa = PBXGroup;
			children = (
			);
			path = Models;
			sourceTree = "<group>";
		};
		049CCE5F2C7C9101001AA1C8 /* Models */ = {
			isa = PBXGroup;
			children = (
				049CCE552C7C8D8B001AA1C8 /* Home */,
			);
			path = Models;
			sourceTree = "<group>";
		};
		049CCE612C7C9121001AA1C8 /* ViewModels */ = {
			isa = PBXGroup;
			children = (
			);
			path = ViewModels;
			sourceTree = "<group>";
		};
/* End PBXGroup section */

/* Begin PBXNativeTarget section */
		049CCE162C771AAF001AA1C8 /* ExpenseTrackerApp */ = {
			isa = PBXNativeTarget;
			buildConfigurationList = 049CCE252C771AB4001AA1C8 /* Build configuration list for PBXNativeTarget "ExpenseTrackerApp" */;
			buildPhases = (
				049CCE132C771AAF001AA1C8 /* Sources */,
				049CCE142C771AAF001AA1C8 /* Frameworks */,
				049CCE152C771AAF001AA1C8 /* Resources */,
			);
			buildRules = (
			);
			dependencies = (
			);
			name = ExpenseTrackerApp;
			productName = ExpenseTrackerApp;
			productReference = 049CCE172C771AAF001AA1C8 /* ExpenseTrackerApp.app */;
			productType = "com.apple.product-type.application";
		};
/* End PBXNativeTarget section */

/* Begin PBXProject section */
		049CCE0F2C771AAF001AA1C8 /* Project object */ = {
			isa = PBXProject;
			attributes = {
				BuildIndependentTargetsInParallel = 1;
				LastSwiftUpdateCheck = 1540;
				LastUpgradeCheck = 1540;
				TargetAttributes = {
					049CCE162C771AAF001AA1C8 = {
						CreatedOnToolsVersion = 15.4;
					};
				};
			};
			buildConfigurationList = 049CCE122C771AAF001AA1C8 /* Build configuration list for PBXProject "ExpenseTrackerApp" */;
			compatibilityVersion = "Xcode 14.0";
			developmentRegion = en;
			hasScannedForEncodings = 0;
			knownRegions = (
				en,
				Base,
			);
			mainGroup = 049CCE0E2C771AAF001AA1C8;
			productRefGroup = 049CCE182C771AAF001AA1C8 /* Products */;
			projectDirPath = "";
			projectRoot = "";
			targets = (
				049CCE162C771AAF001AA1C8 /* ExpenseTrackerApp */,
			);
		};
/* End PBXProject section */

/* Begin PBXResourcesBuildPhase section */
		049CCE152C771AAF001AA1C8 /* Resources */ = {
			isa = PBXResourcesBuildPhase;
			buildActionMask = 2147483647;
			files = (
				049CCE222C771AB4001AA1C8 /* Preview Assets.xcassets in Resources */,
				049CCE1F2C771AB4001AA1C8 /* Assets.xcassets in Resources */,
			);
			runOnlyForDeploymentPostprocessing = 0;
		};
/* End PBXResourcesBuildPhase section */

/* Begin PBXSourcesBuildPhase section */
		049CCE132C771AAF001AA1C8 /* Sources */ = {
			isa = PBXSourcesBuildPhase;
			buildActionMask = 2147483647;
			files = (
				049CCE432C777654001AA1C8 /* ExpenseFilter.swift in Sources */,
				049CCE452C7777B3001AA1C8 /* FilterOptions.swift in Sources */,
				049CCE4B2C78C6F3001AA1C8 /* UploadButton.swift in Sources */,
				049CCE312C772003001AA1C8 /* CircularPlusButton.swift in Sources */,
				049CCE372C772BE2001AA1C8 /* ExpenseCardView.swift in Sources */,
				049CCE392C773DE2001AA1C8 /* AddCategoryView.swift in Sources */,
				049CCE2E2C771F84001AA1C8 /* HomeView.swift in Sources */,
				049CCE472C7879D1001AA1C8 /* ExpenseInformationView.swift in Sources */,
				049CCE1B2C771AAF001AA1C8 /* ExpenseTrackerAppApp.swift in Sources */,
				049CCE352C772B0E001AA1C8 /* AddExpenseView.swift in Sources */,
				049CCE592C7C8EA8001AA1C8 /* ExpenseListView.swift in Sources */,
				049CCE412C774ECE001AA1C8 /* NoExpensesView.swift in Sources */,
				049CCE2C2C771B71001AA1C8 /* ExpenseTracker.swift in Sources */,
				049CCE3D2C774938001AA1C8 /* ExpenseTrackerModel.swift in Sources */,
				049CCE4D2C78D302001AA1C8 /* ImagePicker.swift in Sources */,
				049CCE3F2C7749E9001AA1C8 /* ExpenseTrackerViewModel.swift in Sources */,
				049CCE332C772029001AA1C8 /* CategoryView.swift in Sources */,
			);
			runOnlyForDeploymentPostprocessing = 0;
		};
/* End PBXSourcesBuildPhase section */

/* Begin XCBuildConfiguration section */
		049CCE232C771AB4001AA1C8 /* Debug */ = {
			isa = XCBuildConfiguration;
			buildSettings = {
				ALWAYS_SEARCH_USER_PATHS = NO;
				ASSETCATALOG_COMPILER_GENERATE_SWIFT_ASSET_SYMBOL_EXTENSIONS = YES;
				CLANG_ANALYZER_NONNULL = YES;
				CLANG_ANALYZER_NUMBER_OBJECT_CONVERSION = YES_AGGRESSIVE;
				CLANG_CXX_LANGUAGE_STANDARD = "gnu++20";
				CLANG_ENABLE_MODULES = YES;
				CLANG_ENABLE_OBJC_ARC = YES;
				CLANG_ENABLE_OBJC_WEAK = YES;
				CLANG_WARN_BLOCK_CAPTURE_AUTORELEASING = YES;
				CLANG_WARN_BOOL_CONVERSION = YES;
				CLANG_WARN_COMMA = YES;
				CLANG_WARN_CONSTANT_CONVERSION = YES;
				CLANG_WARN_DEPRECATED_OBJC_IMPLEMENTATIONS = YES;
				CLANG_WARN_DIRECT_OBJC_ISA_USAGE = YES_ERROR;
				CLANG_WARN_DOCUMENTATION_COMMENTS = YES;
				CLANG_WARN_EMPTY_BODY = YES;
				CLANG_WARN_ENUM_CONVERSION = YES;
				CLANG_WARN_INFINITE_RECURSION = YES;
				CLANG_WARN_INT_CONVERSION = YES;
				CLANG_WARN_NON_LITERAL_NULL_CONVERSION = YES;
				CLANG_WARN_OBJC_IMPLICIT_RETAIN_SELF = YES;
				CLANG_WARN_OBJC_LITERAL_CONVERSION = YES;
				CLANG_WARN_OBJC_ROOT_CLASS = YES_ERROR;
				CLANG_WARN_QUOTED_INCLUDE_IN_FRAMEWORK_HEADER = YES;
				CLANG_WARN_RANGE_LOOP_ANALYSIS = YES;
				CLANG_WARN_STRICT_PROTOTYPES = YES;
				CLANG_WARN_SUSPICIOUS_MOVE = YES;
				CLANG_WARN_UNGUARDED_AVAILABILITY = YES_AGGRESSIVE;
				CLANG_WARN_UNREACHABLE_CODE = YES;
				CLANG_WARN__DUPLICATE_METHOD_MATCH = YES;
				COPY_PHASE_STRIP = NO;
				DEBUG_INFORMATION_FORMAT = dwarf;
				ENABLE_STRICT_OBJC_MSGSEND = YES;
				ENABLE_TESTABILITY = YES;
				ENABLE_USER_SCRIPT_SANDBOXING = YES;
				GCC_C_LANGUAGE_STANDARD = gnu17;
				GCC_DYNAMIC_NO_PIC = NO;
				GCC_NO_COMMON_BLOCKS = YES;
				GCC_OPTIMIZATION_LEVEL = 0;
				GCC_PREPROCESSOR_DEFINITIONS = (
					"DEBUG=1",
					"$(inherited)",
				);
				GCC_WARN_64_TO_32_BIT_CONVERSION = YES;
				GCC_WARN_ABOUT_RETURN_TYPE = YES_ERROR;
				GCC_WARN_UNDECLARED_SELECTOR = YES;
				GCC_WARN_UNINITIALIZED_AUTOS = YES_AGGRESSIVE;
				GCC_WARN_UNUSED_FUNCTION = YES;
				GCC_WARN_UNUSED_VARIABLE = YES;
				IPHONEOS_DEPLOYMENT_TARGET = 17.5;
				LOCALIZATION_PREFERS_STRING_CATALOGS = YES;
				MTL_ENABLE_DEBUG_INFO = INCLUDE_SOURCE;
				MTL_FAST_MATH = YES;
				ONLY_ACTIVE_ARCH = YES;
				SDKROOT = iphoneos;
				SWIFT_ACTIVE_COMPILATION_CONDITIONS = "DEBUG $(inherited)";
				SWIFT_OPTIMIZATION_LEVEL = "-Onone";
			};
			name = Debug;
		};
		049CCE242C771AB4001AA1C8 /* Release */ = {
			isa = XCBuildConfiguration;
			buildSettings = {
				ALWAYS_SEARCH_USER_PATHS = NO;
				ASSETCATALOG_COMPILER_GENERATE_SWIFT_ASSET_SYMBOL_EXTENSIONS = YES;
				CLANG_ANALYZER_NONNULL = YES;
				CLANG_ANALYZER_NUMBER_OBJECT_CONVERSION = YES_AGGRESSIVE;
				CLANG_CXX_LANGUAGE_STANDARD = "gnu++20";
				CLANG_ENABLE_MODULES = YES;
				CLANG_ENABLE_OBJC_ARC = YES;
				CLANG_ENABLE_OBJC_WEAK = YES;
				CLANG_WARN_BLOCK_CAPTURE_AUTORELEASING = YES;
				CLANG_WARN_BOOL_CONVERSION = YES;
				CLANG_WARN_COMMA = YES;
				CLANG_WARN_CONSTANT_CONVERSION = YES;
				CLANG_WARN_DEPRECATED_OBJC_IMPLEMENTATIONS = YES;
				CLANG_WARN_DIRECT_OBJC_ISA_USAGE = YES_ERROR;
				CLANG_WARN_DOCUMENTATION_COMMENTS = YES;
				CLANG_WARN_EMPTY_BODY = YES;
				CLANG_WARN_ENUM_CONVERSION = YES;
				CLANG_WARN_INFINITE_RECURSION = YES;
				CLANG_WARN_INT_CONVERSION = YES;
				CLANG_WARN_NON_LITERAL_NULL_CONVERSION = YES;
				CLANG_WARN_OBJC_IMPLICIT_RETAIN_SELF = YES;
				CLANG_WARN_OBJC_LITERAL_CONVERSION = YES;
				CLANG_WARN_OBJC_ROOT_CLASS = YES_ERROR;
				CLANG_WARN_QUOTED_INCLUDE_IN_FRAMEWORK_HEADER = YES;
				CLANG_WARN_RANGE_LOOP_ANALYSIS = YES;
				CLANG_WARN_STRICT_PROTOTYPES = YES;
				CLANG_WARN_SUSPICIOUS_MOVE = YES;
				CLANG_WARN_UNGUARDED_AVAILABILITY = YES_AGGRESSIVE;
				CLANG_WARN_UNREACHABLE_CODE = YES;
				CLANG_WARN__DUPLICATE_METHOD_MATCH = YES;
				COPY_PHASE_STRIP = NO;
				DEBUG_INFORMATION_FORMAT = "dwarf-with-dsym";
				ENABLE_NS_ASSERTIONS = NO;
				ENABLE_STRICT_OBJC_MSGSEND = YES;
				ENABLE_USER_SCRIPT_SANDBOXING = YES;
				GCC_C_LANGUAGE_STANDARD = gnu17;
				GCC_NO_COMMON_BLOCKS = YES;
				GCC_WARN_64_TO_32_BIT_CONVERSION = YES;
				GCC_WARN_ABOUT_RETURN_TYPE = YES_ERROR;
				GCC_WARN_UNDECLARED_SELECTOR = YES;
				GCC_WARN_UNINITIALIZED_AUTOS = YES_AGGRESSIVE;
				GCC_WARN_UNUSED_FUNCTION = YES;
				GCC_WARN_UNUSED_VARIABLE = YES;
				IPHONEOS_DEPLOYMENT_TARGET = 17.5;
				LOCALIZATION_PREFERS_STRING_CATALOGS = YES;
				MTL_ENABLE_DEBUG_INFO = NO;
				MTL_FAST_MATH = YES;
				SDKROOT = iphoneos;
				SWIFT_COMPILATION_MODE = wholemodule;
				VALIDATE_PRODUCT = YES;
			};
			name = Release;
		};
		049CCE262C771AB4001AA1C8 /* Debug */ = {
			isa = XCBuildConfiguration;
			buildSettings = {
				ASSETCATALOG_COMPILER_APPICON_NAME = AppIcon;
				ASSETCATALOG_COMPILER_GLOBAL_ACCENT_COLOR_NAME = AccentColor;
				CODE_SIGN_STYLE = Automatic;
				CURRENT_PROJECT_VERSION = 1;
				DEVELOPMENT_ASSET_PATHS = "\"ExpenseTrackerApp/Preview Content\"";
				ENABLE_PREVIEWS = YES;
				GENERATE_INFOPLIST_FILE = YES;
				INFOPLIST_KEY_UIApplicationSceneManifest_Generation = YES;
				INFOPLIST_KEY_UIApplicationSupportsIndirectInputEvents = YES;
				INFOPLIST_KEY_UILaunchScreen_Generation = YES;
				INFOPLIST_KEY_UISupportedInterfaceOrientations_iPad = "UIInterfaceOrientationPortrait UIInterfaceOrientationPortraitUpsideDown UIInterfaceOrientationLandscapeLeft UIInterfaceOrientationLandscapeRight";
				INFOPLIST_KEY_UISupportedInterfaceOrientations_iPhone = "UIInterfaceOrientationPortrait UIInterfaceOrientationLandscapeLeft UIInterfaceOrientationLandscapeRight";
				IPHONEOS_DEPLOYMENT_TARGET = 15.0;
				LD_RUNPATH_SEARCH_PATHS = (
					"$(inherited)",
					"@executable_path/Frameworks",
				);
				MARKETING_VERSION = 1.0;
				PRODUCT_BUNDLE_IDENTIFIER = com.softmaticsolutions.ExpenseTrackerApp;
				PRODUCT_NAME = "$(TARGET_NAME)";
				SWIFT_EMIT_LOC_STRINGS = YES;
				SWIFT_VERSION = 5.0;
				TARGETED_DEVICE_FAMILY = "1,2";
			};
			name = Debug;
		};
		049CCE272C771AB4001AA1C8 /* Release */ = {
			isa = XCBuildConfiguration;
			buildSettings = {
				ASSETCATALOG_COMPILER_APPICON_NAME = AppIcon;
				ASSETCATALOG_COMPILER_GLOBAL_ACCENT_COLOR_NAME = AccentColor;
				CODE_SIGN_STYLE = Automatic;
				CURRENT_PROJECT_VERSION = 1;
				DEVELOPMENT_ASSET_PATHS = "\"ExpenseTrackerApp/Preview Content\"";
				ENABLE_PREVIEWS = YES;
				GENERATE_INFOPLIST_FILE = YES;
				INFOPLIST_KEY_UIApplicationSceneManifest_Generation = YES;
				INFOPLIST_KEY_UIApplicationSupportsIndirectInputEvents = YES;
				INFOPLIST_KEY_UILaunchScreen_Generation = YES;
				INFOPLIST_KEY_UISupportedInterfaceOrientations_iPad = "UIInterfaceOrientationPortrait UIInterfaceOrientationPortraitUpsideDown UIInterfaceOrientationLandscapeLeft UIInterfaceOrientationLandscapeRight";
				INFOPLIST_KEY_UISupportedInterfaceOrientations_iPhone = "UIInterfaceOrientationPortrait UIInterfaceOrientationLandscapeLeft UIInterfaceOrientationLandscapeRight";
				IPHONEOS_DEPLOYMENT_TARGET = 15.0;
				LD_RUNPATH_SEARCH_PATHS = (
					"$(inherited)",
					"@executable_path/Frameworks",
				);
				MARKETING_VERSION = 1.0;
				PRODUCT_BUNDLE_IDENTIFIER = com.softmaticsolutions.ExpenseTrackerApp;
				PRODUCT_NAME = "$(TARGET_NAME)";
				SWIFT_EMIT_LOC_STRINGS = YES;
				SWIFT_VERSION = 5.0;
				TARGETED_DEVICE_FAMILY = "1,2";
			};
			name = Release;
		};
/* End XCBuildConfiguration section */

/* Begin XCConfigurationList section */
		049CCE122C771AAF001AA1C8 /* Build configuration list for PBXProject "ExpenseTrackerApp" */ = {
			isa = XCConfigurationList;
			buildConfigurations = (
				049CCE232C771AB4001AA1C8 /* Debug */,
				049CCE242C771AB4001AA1C8 /* Release */,
			);
			defaultConfigurationIsVisible = 0;
			defaultConfigurationName = Release;
		};
		049CCE252C771AB4001AA1C8 /* Build configuration list for PBXNativeTarget "ExpenseTrackerApp" */ = {
			isa = XCConfigurationList;
			buildConfigurations = (
				049CCE262C771AB4001AA1C8 /* Debug */,
				049CCE272C771AB4001AA1C8 /* Release */,
			);
			defaultConfigurationIsVisible = 0;
			defaultConfigurationName = Release;
		};
/* End XCConfigurationList section */
	};
	rootObject = 049CCE0F2C771AAF001AA1C8 /* Project object */;
}
